// !$*UTF8*$!
{
	archiveVersion = 1;
	classes = {
	};
	objectVersion = 46;
	objects = {

/* Begin PBXBuildFile section */
		44630A321F3ED50B005C88D8 /* main.m in Sources */ = {isa = PBXBuildFile; fileRef = 44630A311F3ED50B005C88D8 /* main.m */; };
		44630A351F3ED50B005C88D8 /* AppDelegate.m in Sources */ = {isa = PBXBuildFile; fileRef = 44630A341F3ED50B005C88D8 /* AppDelegate.m */; };
		44630A381F3ED50B005C88D8 /* ViewController.m in Sources */ = {isa = PBXBuildFile; fileRef = 44630A371F3ED50B005C88D8 /* ViewController.m */; };
		44630A3B1F3ED50B005C88D8 /* Main.storyboard in Resources */ = {isa = PBXBuildFile; fileRef = 44630A391F3ED50B005C88D8 /* Main.storyboard */; };
		44630A3D1F3ED50B005C88D8 /* Assets.xcassets in Resources */ = {isa = PBXBuildFile; fileRef = 44630A3C1F3ED50B005C88D8 /* Assets.xcassets */; };
		44630A401F3ED50B005C88D8 /* LaunchScreen.storyboard in Resources */ = {isa = PBXBuildFile; fileRef = 44630A3E1F3ED50B005C88D8 /* LaunchScreen.storyboard */; };
		44630A4B1F3ED50B005C88D8 /* QSDispatchQueueDemoTests.m in Sources */ = {isa = PBXBuildFile; fileRef = 44630A4A1F3ED50B005C88D8 /* QSDispatchQueueDemoTests.m */; };
		44630A561F3ED50B005C88D8 /* QSDispatchQueueDemoUITests.m in Sources */ = {isa = PBXBuildFile; fileRef = 44630A551F3ED50B005C88D8 /* QSDispatchQueueDemoUITests.m */; };
		44630A661F3ED561005C88D8 /* QSDispatchQueue.m in Sources */ = {isa = PBXBuildFile; fileRef = 44630A651F3ED561005C88D8 /* QSDispatchQueue.m */; };
/* End PBXBuildFile section */

/* Begin PBXContainerItemProxy section */
		44630A471F3ED50B005C88D8 /* PBXContainerItemProxy */ = {
			isa = PBXContainerItemProxy;
			containerPortal = 44630A251F3ED50B005C88D8 /* Project object */;
			proxyType = 1;
			remoteGlobalIDString = 44630A2C1F3ED50B005C88D8;
			remoteInfo = QSDispatchQueueDemo;
		};
		44630A521F3ED50B005C88D8 /* PBXContainerItemProxy */ = {
			isa = PBXContainerItemProxy;
			containerPortal = 44630A251F3ED50B005C88D8 /* Project object */;
			proxyType = 1;
			remoteGlobalIDString = 44630A2C1F3ED50B005C88D8;
			remoteInfo = QSDispatchQueueDemo;
		};
/* End PBXContainerItemProxy section */

/* Begin PBXFileReference section */
		44630A2D1F3ED50B005C88D8 /* QSDispatchQueueDemo.app */ = {isa = PBXFileReference; explicitFileType = wrapper.application; includeInIndex = 0; path = QSDispatchQueueDemo.app; sourceTree = BUILT_PRODUCTS_DIR; };
		44630A311F3ED50B005C88D8 /* main.m */ = {isa = PBXFileReference; lastKnownFileType = sourcecode.c.objc; path = main.m; sourceTree = "<group>"; };
		44630A331F3ED50B005C88D8 /* AppDelegate.h */ = {isa = PBXFileReference; lastKnownFileType = sourcecode.c.h; path = AppDelegate.h; sourceTree = "<group>"; };
		44630A341F3ED50B005C88D8 /* AppDelegate.m */ = {isa = PBXFileReference; lastKnownFileType = sourcecode.c.objc; path = AppDelegate.m; sourceTree = "<group>"; };
		44630A361F3ED50B005C88D8 /* ViewController.h */ = {isa = PBXFileReference; lastKnownFileType = sourcecode.c.h; path = ViewController.h; sourceTree = "<group>"; };
		44630A371F3ED50B005C88D8 /* ViewController.m */ = {isa = PBXFileReference; lastKnownFileType = sourcecode.c.objc; path = ViewController.m; sourceTree = "<group>"; };
		44630A3A1F3ED50B005C88D8 /* Base */ = {isa = PBXFileReference; lastKnownFileType = file.storyboard; name = Base; path = Base.lproj/Main.storyboard; sourceTree = "<group>"; };
		44630A3C1F3ED50B005C88D8 /* Assets.xcassets */ = {isa = PBXFileReference; lastKnownFileType = folder.assetcatalog; path = Assets.xcassets; sourceTree = "<group>"; };
		44630A3F1F3ED50B005C88D8 /* Base */ = {isa = PBXFileReference; lastKnownFileType = file.storyboard; name = Base; path = Base.lproj/LaunchScreen.storyboard; sourceTree = "<group>"; };
		44630A411F3ED50B005C88D8 /* Info.plist */ = {isa = PBXFileReference; lastKnownFileType = text.plist.xml; path = Info.plist; sourceTree = "<group>"; };
		44630A461F3ED50B005C88D8 /* QSDispatchQueueDemoTests.xctest */ = {isa = PBXFileReference; explicitFileType = wrapper.cfbundle; includeInIndex = 0; path = QSDispatchQueueDemoTests.xctest; sourceTree = BUILT_PRODUCTS_DIR; };
		44630A4A1F3ED50B005C88D8 /* QSDispatchQueueDemoTests.m */ = {isa = PBXFileReference; lastKnownFileType = sourcecode.c.objc; path = QSDispatchQueueDemoTests.m; sourceTree = "<group>"; };
		44630A4C1F3ED50B005C88D8 /* Info.plist */ = {isa = PBXFileReference; lastKnownFileType = text.plist.xml; path = Info.plist; sourceTree = "<group>"; };
		44630A511F3ED50B005C88D8 /* QSDispatchQueueDemoUITests.xctest */ = {isa = PBXFileReference; explicitFileType = wrapper.cfbundle; includeInIndex = 0; path = QSDispatchQueueDemoUITests.xctest; sourceTree = BUILT_PRODUCTS_DIR; };
		44630A551F3ED50B005C88D8 /* QSDispatchQueueDemoUITests.m */ = {isa = PBXFileReference; lastKnownFileType = sourcecode.c.objc; path = QSDispatchQueueDemoUITests.m; sourceTree = "<group>"; };
		44630A571F3ED50B005C88D8 /* Info.plist */ = {isa = PBXFileReference; lastKnownFileType = text.plist.xml; path = Info.plist; sourceTree = "<group>"; };
		44630A641F3ED561005C88D8 /* QSDispatchQueue.h */ = {isa = PBXFileReference; fileEncoding = 4; lastKnownFileType = sourcecode.c.h; path = QSDispatchQueue.h; sourceTree = "<group>"; };
		44630A651F3ED561005C88D8 /* QSDispatchQueue.m */ = {isa = PBXFileReference; fileEncoding = 4; lastKnownFileType = sourcecode.c.objc; path = QSDispatchQueue.m; sourceTree = "<group>"; };
/* End PBXFileReference section */

/* Begin PBXFrameworksBuildPhase section */
		44630A2A1F3ED50B005C88D8 /* Frameworks */ = {
			isa = PBXFrameworksBuildPhase;
			buildActionMask = 2147483647;
			files = (
			);
			runOnlyForDeploymentPostprocessing = 0;
		};
		44630A431F3ED50B005C88D8 /* Frameworks */ = {
			isa = PBXFrameworksBuildPhase;
			buildActionMask = 2147483647;
			files = (
			);
			runOnlyForDeploymentPostprocessing = 0;
		};
		44630A4E1F3ED50B005C88D8 /* Frameworks */ = {
			isa = PBXFrameworksBuildPhase;
			buildActionMask = 2147483647;
			files = (
			);
			runOnlyForDeploymentPostprocessing = 0;
		};
/* End PBXFrameworksBuildPhase section */

/* Begin PBXGroup section */
		44630A241F3ED50B005C88D8 = {
			isa = PBXGroup;
			children = (
				44630A2F1F3ED50B005C88D8 /* QSDispatchQueueDemo */,
				44630A491F3ED50B005C88D8 /* QSDispatchQueueDemoTests */,
				44630A541F3ED50B005C88D8 /* QSDispatchQueueDemoUITests */,
				44630A2E1F3ED50B005C88D8 /* Products */,
			);
			sourceTree = "<group>";
		};
		44630A2E1F3ED50B005C88D8 /* Products */ = {
			isa = PBXGroup;
			children = (
				44630A2D1F3ED50B005C88D8 /* QSDispatchQueueDemo.app */,
				44630A461F3ED50B005C88D8 /* QSDispatchQueueDemoTests.xctest */,
				44630A511F3ED50B005C88D8 /* QSDispatchQueueDemoUITests.xctest */,
			);
			name = Products;
			sourceTree = "<group>";
		};
		44630A2F1F3ED50B005C88D8 /* QSDispatchQueueDemo */ = {
			isa = PBXGroup;
			children = (
				44630A631F3ED561005C88D8 /* QSDispatchQueue */,
				44630A331F3ED50B005C88D8 /* AppDelegate.h */,
				44630A341F3ED50B005C88D8 /* AppDelegate.m */,
				44630A361F3ED50B005C88D8 /* ViewController.h */,
				44630A371F3ED50B005C88D8 /* ViewController.m */,
				44630A391F3ED50B005C88D8 /* Main.storyboard */,
				44630A3C1F3ED50B005C88D8 /* Assets.xcassets */,
				44630A3E1F3ED50B005C88D8 /* LaunchScreen.storyboard */,
				44630A411F3ED50B005C88D8 /* Info.plist */,
				44630A301F3ED50B005C88D8 /* Supporting Files */,
			);
			path = QSDispatchQueueDemo;
			sourceTree = "<group>";
		};
		44630A301F3ED50B005C88D8 /* Supporting Files */ = {
			isa = PBXGroup;
			children = (
				44630A311F3ED50B005C88D8 /* main.m */,
			);
			name = "Supporting Files";
			sourceTree = "<group>";
		};
		44630A491F3ED50B005C88D8 /* QSDispatchQueueDemoTests */ = {
			isa = PBXGroup;
			children = (
				44630A4A1F3ED50B005C88D8 /* QSDispatchQueueDemoTests.m */,
				44630A4C1F3ED50B005C88D8 /* Info.plist */,
			);
			path = QSDispatchQueueDemoTests;
			sourceTree = "<group>";
		};
		44630A541F3ED50B005C88D8 /* QSDispatchQueueDemoUITests */ = {
			isa = PBXGroup;
			children = (
				44630A551F3ED50B005C88D8 /* QSDispatchQueueDemoUITests.m */,
				44630A571F3ED50B005C88D8 /* Info.plist */,
			);
			path = QSDispatchQueueDemoUITests;
			sourceTree = "<group>";
		};
		44630A631F3ED561005C88D8 /* QSDispatchQueue */ = {
			isa = PBXGroup;
			children = (
				44630A641F3ED561005C88D8 /* QSDispatchQueue.h */,
				44630A651F3ED561005C88D8 /* QSDispatchQueue.m */,
			);
			path = QSDispatchQueue;
			sourceTree = "<group>";
		};
/* End PBXGroup section */

/* Begin PBXNativeTarget section */
		44630A2C1F3ED50B005C88D8 /* QSDispatchQueueDemo */ = {
			isa = PBXNativeTarget;
			buildConfigurationList = 44630A5A1F3ED50B005C88D8 /* Build configuration list for PBXNativeTarget "QSDispatchQueueDemo" */;
			buildPhases = (
				44630A291F3ED50B005C88D8 /* Sources */,
				44630A2A1F3ED50B005C88D8 /* Frameworks */,
				44630A2B1F3ED50B005C88D8 /* Resources */,
			);
			buildRules = (
			);
			dependencies = (
			);
			name = QSDispatchQueueDemo;
			productName = QSDispatchQueueDemo;
			productReference = 44630A2D1F3ED50B005C88D8 /* QSDispatchQueueDemo.app */;
			productType = "com.apple.product-type.application";
		};
		44630A451F3ED50B005C88D8 /* QSDispatchQueueDemoTests */ = {
			isa = PBXNativeTarget;
			buildConfigurationList = 44630A5D1F3ED50B005C88D8 /* Build configuration list for PBXNativeTarget "QSDispatchQueueDemoTests" */;
			buildPhases = (
				44630A421F3ED50B005C88D8 /* Sources */,
				44630A431F3ED50B005C88D8 /* Frameworks */,
				44630A441F3ED50B005C88D8 /* Resources */,
			);
			buildRules = (
			);
			dependencies = (
				44630A481F3ED50B005C88D8 /* PBXTargetDependency */,
			);
			name = QSDispatchQueueDemoTests;
			productName = QSDispatchQueueDemoTests;
			productReference = 44630A461F3ED50B005C88D8 /* QSDispatchQueueDemoTests.xctest */;
			productType = "com.apple.product-type.bundle.unit-test";
		};
		44630A501F3ED50B005C88D8 /* QSDispatchQueueDemoUITests */ = {
			isa = PBXNativeTarget;
			buildConfigurationList = 44630A601F3ED50B005C88D8 /* Build configuration list for PBXNativeTarget "QSDispatchQueueDemoUITests" */;
			buildPhases = (
				44630A4D1F3ED50B005C88D8 /* Sources */,
				44630A4E1F3ED50B005C88D8 /* Frameworks */,
				44630A4F1F3ED50B005C88D8 /* Resources */,
			);
			buildRules = (
			);
			dependencies = (
				44630A531F3ED50B005C88D8 /* PBXTargetDependency */,
			);
			name = QSDispatchQueueDemoUITests;
			productName = QSDispatchQueueDemoUITests;
			productReference = 44630A511F3ED50B005C88D8 /* QSDispatchQueueDemoUITests.xctest */;
			productType = "com.apple.product-type.bundle.ui-testing";
		};
/* End PBXNativeTarget section */

/* Begin PBXProject section */
		44630A251F3ED50B005C88D8 /* Project object */ = {
			isa = PBXProject;
			attributes = {
				LastUpgradeCheck = 0830;
				ORGANIZATIONNAME = Jiang;
				TargetAttributes = {
					44630A2C1F3ED50B005C88D8 = {
						CreatedOnToolsVersion = 8.3.2;
						ProvisioningStyle = Automatic;
					};
					44630A451F3ED50B005C88D8 = {
						CreatedOnToolsVersion = 8.3.2;
						ProvisioningStyle = Automatic;
						TestTargetID = 44630A2C1F3ED50B005C88D8;
					};
					44630A501F3ED50B005C88D8 = {
						CreatedOnToolsVersion = 8.3.2;
						ProvisioningStyle = Automatic;
						TestTargetID = 44630A2C1F3ED50B005C88D8;
					};
				};
			};
			buildConfigurationList = 44630A281F3ED50B005C88D8 /* Build configuration list for PBXProject "QSDispatchQueueDemo" */;
			compatibilityVersion = "Xcode 3.2";
			developmentRegion = English;
			hasScannedForEncodings = 0;
			knownRegions = (
				en,
				Base,
			);
			mainGroup = 44630A241F3ED50B005C88D8;
			productRefGroup = 44630A2E1F3ED50B005C88D8 /* Products */;
			projectDirPath = "";
			projectRoot = "";
			targets = (
				44630A2C1F3ED50B005C88D8 /* QSDispatchQueueDemo */,
				44630A451F3ED50B005C88D8 /* QSDispatchQueueDemoTests */,
				44630A501F3ED50B005C88D8 /* QSDispatchQueueDemoUITests */,
			);
		};
/* End PBXProject section */

/* Begin PBXResourcesBuildPhase section */
		44630A2B1F3ED50B005C88D8 /* Resources */ = {
			isa = PBXResourcesBuildPhase;
			buildActionMask = 2147483647;
			files = (
				44630A401F3ED50B005C88D8 /* LaunchScreen.storyboard in Resources */,
				44630A3D1F3ED50B005C88D8 /* Assets.xcassets in Resources */,
				44630A3B1F3ED50B005C88D8 /* Main.storyboard in Resources */,
			);
			runOnlyForDeploymentPostprocessing = 0;
		};
		44630A441F3ED50B005C88D8 /* Resources */ = {
			isa = PBXResourcesBuildPhase;
			buildActionMask = 2147483647;
			files = (
			);
			runOnlyForDeploymentPostprocessing = 0;
		};
		44630A4F1F3ED50B005C88D8 /* Resources */ = {
			isa = PBXResourcesBuildPhase;
			buildActionMask = 2147483647;
			files = (
			);
			runOnlyForDeploymentPostprocessing = 0;
		};
/* End PBXResourcesBuildPhase section */

/* Begin PBXSourcesBuildPhase section */
		44630A291F3ED50B005C88D8 /* Sources */ = {
			isa = PBXSourcesBuildPhase;
			buildActionMask = 2147483647;
			files = (
				44630A381F3ED50B005C88D8 /* ViewController.m in Sources */,
				44630A661F3ED561005C88D8 /* QSDispatchQueue.m in Sources */,
				44630A351F3ED50B005C88D8 /* AppDelegate.m in Sources */,
				44630A321F3ED50B005C88D8 /* main.m in Sources */,
			);
			runOnlyForDeploymentPostprocessing = 0;
		};
		44630A421F3ED50B005C88D8 /* Sources */ = {
			isa = PBXSourcesBuildPhase;
			buildActionMask = 2147483647;
			files = (
				44630A4B1F3ED50B005C88D8 /* QSDispatchQueueDemoTests.m in Sources */,
			);
			runOnlyForDeploymentPostprocessing = 0;
		};
		44630A4D1F3ED50B005C88D8 /* Sources */ = {
			isa = PBXSourcesBuildPhase;
			buildActionMask = 2147483647;
			files = (
				44630A561F3ED50B005C88D8 /* QSDispatchQueueDemoUITests.m in Sources */,
			);
			runOnlyForDeploymentPostprocessing = 0;
		};
/* End PBXSourcesBuildPhase section */

/* Begin PBXTargetDependency section */
		44630A481F3ED50B005C88D8 /* PBXTargetDependency */ = {
			isa = PBXTargetDependency;
			target = 44630A2C1F3ED50B005C88D8 /* QSDispatchQueueDemo */;
			targetProxy = 44630A471F3ED50B005C88D8 /* PBXContainerItemProxy */;
		};
		44630A531F3ED50B005C88D8 /* PBXTargetDependency */ = {
			isa = PBXTargetDependency;
			target = 44630A2C1F3ED50B005C88D8 /* QSDispatchQueueDemo */;
			targetProxy = 44630A521F3ED50B005C88D8 /* PBXContainerItemProxy */;
		};
/* End PBXTargetDependency section */

/* Begin PBXVariantGroup section */
		44630A391F3ED50B005C88D8 /* Main.storyboard */ = {
			isa = PBXVariantGroup;
			children = (
				44630A3A1F3ED50B005C88D8 /* Base */,
			);
			name = Main.storyboard;
			sourceTree = "<group>";
		};
		44630A3E1F3ED50B005C88D8 /* LaunchScreen.storyboard */ = {
			isa = PBXVariantGroup;
			children = (
				44630A3F1F3ED50B005C88D8 /* Base */,
			);
			name = LaunchScreen.storyboard;
			sourceTree = "<group>";
		};
/* End PBXVariantGroup section */

/* Begin XCBuildConfiguration section */
		44630A581F3ED50B005C88D8 /* Debug */ = {
			isa = XCBuildConfiguration;
			buildSettings = {
				ALWAYS_SEARCH_USER_PATHS = NO;
				CLANG_ANALYZER_NONNULL = YES;
				CLANG_ANALYZER_NUMBER_OBJECT_CONVERSION = YES_AGGRESSIVE;
				CLANG_CXX_LANGUAGE_STANDARD = "gnu++0x";
				CLANG_CXX_LIBRARY = "libc++";
				CLANG_ENABLE_MODULES = YES;
				CLANG_ENABLE_OBJC_ARC = YES;
				CLANG_WARN_BOOL_CONVERSION = YES;
				CLANG_WARN_CONSTANT_CONVERSION = YES;
				CLANG_WARN_DIRECT_OBJC_ISA_USAGE = YES_ERROR;
				CLANG_WARN_DOCUMENTATION_COMMENTS = YES;
				CLANG_WARN_EMPTY_BODY = YES;
				CLANG_WARN_ENUM_CONVERSION = YES;
				CLANG_WARN_INFINITE_RECURSION = YES;
				CLANG_WARN_INT_CONVERSION = YES;
				CLANG_WARN_OBJC_ROOT_CLASS = YES_ERROR;
				CLANG_WARN_SUSPICIOUS_MOVE = YES;
				CLANG_WARN_UNREACHABLE_CODE = YES;
				CLANG_WARN__DUPLICATE_METHOD_MATCH = YES;
				"CODE_SIGN_IDENTITY[sdk=iphoneos*]" = "iPhone Developer";
				COPY_PHASE_STRIP = NO;
				DEBUG_INFORMATION_FORMAT = dwarf;
				ENABLE_STRICT_OBJC_MSGSEND = YES;
				ENABLE_TESTABILITY = YES;
				GCC_C_LANGUAGE_STANDARD = gnu99;
				GCC_DYNAMIC_NO_PIC = NO;
				GCC_NO_COMMON_BLOCKS = YES;
				GCC_OPTIMIZATION_LEVEL = 0;
				GCC_PREPROCESSOR_DEFINITIONS = (
					"DEBUG=1",
					"$(inherited)",
				);
				GCC_WARN_64_TO_32_BIT_CONVERSION = YES;
				GCC_WARN_ABOUT_RETURN_TYPE = YES_ERROR;
				GCC_WARN_UNDECLARED_SELECTOR = YES;
				GCC_WARN_UNINITIALIZED_AUTOS = YES_AGGRESSIVE;
				GCC_WARN_UNUSED_FUNCTION = YES;
				GCC_WARN_UNUSED_VARIABLE = YES;
				IPHONEOS_DEPLOYMENT_TARGET = 10.3;
				MTL_ENABLE_DEBUG_INFO = YES;
				ONLY_ACTIVE_ARCH = YES;
				SDKROOT = iphoneos;
				TARGETED_DEVICE_FAMILY = "1,2";
			};
			name = Debug;
		};
		44630A591F3ED50B005C88D8 /* Release */ = {
			isa = XCBuildConfiguration;
			buildSettings = {
				ALWAYS_SEARCH_USER_PATHS = NO;
				CLANG_ANALYZER_NONNULL = YES;
				CLANG_ANALYZER_NUMBER_OBJECT_CONVERSION = YES_AGGRESSIVE;
				CLANG_CXX_LANGUAGE_STANDARD = "gnu++0x";
				CLANG_CXX_LIBRARY = "libc++";
				CLANG_ENABLE_MODULES = YES;
				CLANG_ENABLE_OBJC_ARC = YES;
				CLANG_WARN_BOOL_CONVERSION = YES;
				CLANG_WARN_CONSTANT_CONVERSION = YES;
				CLANG_WARN_DIRECT_OBJC_ISA_USAGE = YES_ERROR;
				CLANG_WARN_DOCUMENTATION_COMMENTS = YES;
				CLANG_WARN_EMPTY_BODY = YES;
				CLANG_WARN_ENUM_CONVERSION = YES;
				CLANG_WARN_INFINITE_RECURSION = YES;
				CLANG_WARN_INT_CONVERSION = YES;
				CLANG_WARN_OBJC_ROOT_CLASS = YES_ERROR;
				CLANG_WARN_SUSPICIOUS_MOVE = YES;
				CLANG_WARN_UNREACHABLE_CODE = YES;
				CLANG_WARN__DUPLICATE_METHOD_MATCH = YES;
				"CODE_SIGN_IDENTITY[sdk=iphoneos*]" = "iPhone Developer";
				COPY_PHASE_STRIP = NO;
				DEBUG_INFORMATION_FORMAT = "dwarf-with-dsym";
				ENABLE_NS_ASSERTIONS = NO;
				ENABLE_STRICT_OBJC_MSGSEND = YES;
				GCC_C_LANGUAGE_STANDARD = gnu99;
				GCC_NO_COMMON_BLOCKS = YES;
				GCC_WARN_64_TO_32_BIT_CONVERSION = YES;
				GCC_WARN_ABOUT_RETURN_TYPE = YES_ERROR;
				GCC_WARN_UNDECLARED_SELECTOR = YES;
				GCC_WARN_UNINITIALIZED_AUTOS = YES_AGGRESSIVE;
				GCC_WARN_UNUSED_FUNCTION = YES;
				GCC_WARN_UNUSED_VARIABLE = YES;
				IPHONEOS_DEPLOYMENT_TARGET = 10.3;
				MTL_ENABLE_DEBUG_INFO = NO;
				SDKROOT = iphoneos;
				TARGETED_DEVICE_FAMILY = "1,2";
				VALIDATE_PRODUCT = YES;
			};
			name = Release;
		};
		44630A5B1F3ED50B005C88D8 /* Debug */ = {
			isa = XCBuildConfiguration;
			buildSettings = {
				ASSETCATALOG_COMPILER_APPICON_NAME = AppIcon;
				INFOPLIST_FILE = QSDispatchQueueDemo/Info.plist;
				LD_RUNPATH_SEARCH_PATHS = "$(inherited) @executable_path/Frameworks";
				PRODUCT_BUNDLE_IDENTIFIER = buaa.QSDispatchQueueDemo;
				PRODUCT_NAME = "$(TARGET_NAME)";
			};
			name = Debug;
		};
		44630A5C1F3ED50B005C88D8 /* Release */ = {
			isa = XCBuildConfiguration;
			buildSettings = {
				ASSETCATALOG_COMPILER_APPICON_NAME = AppIcon;
				INFOPLIST_FILE = QSDispatchQueueDemo/Info.plist;
				LD_RUNPATH_SEARCH_PATHS = "$(inherited) @executable_path/Frameworks";
				PRODUCT_BUNDLE_IDENTIFIER = buaa.QSDispatchQueueDemo;
				PRODUCT_NAME = "$(TARGET_NAME)";
			};
			name = Release;
		};
		44630A5E1F3ED50B005C88D8 /* Debug */ = {
			isa = XCBuildConfiguration;
			buildSettings = {
				BUNDLE_LOADER = "$(TEST_HOST)";
				INFOPLIST_FILE = QSDispatchQueueDemoTests/Info.plist;
				LD_RUNPATH_SEARCH_PATHS = "$(inherited) @executable_path/Frameworks @loader_path/Frameworks";
				PRODUCT_BUNDLE_IDENTIFIER = buaa.QSDispatchQueueDemoTests;
				PRODUCT_NAME = "$(TARGET_NAME)";
				TEST_HOST = "$(BUILT_PRODUCTS_DIR)/QSDispatchQueueDemo.app/QSDispatchQueueDemo";
			};
			name = Debug;
		};
		44630A5F1F3ED50B005C88D8 /* Release */ = {
			isa = XCBuildConfiguration;
			buildSettings = {
				BUNDLE_LOADER = "$(TEST_HOST)";
				INFOPLIST_FILE = QSDispatchQueueDemoTests/Info.plist;
				LD_RUNPATH_SEARCH_PATHS = "$(inherited) @executable_path/Frameworks @loader_path/Frameworks";
				PRODUCT_BUNDLE_IDENTIFIER = buaa.QSDispatchQueueDemoTests;
				PRODUCT_NAME = "$(TARGET_NAME)";
				TEST_HOST = "$(BUILT_PRODUCTS_DIR)/QSDispatchQueueDemo.app/QSDispatchQueueDemo";
			};
			name = Release;
		};
		44630A611F3ED50B005C88D8 /* Debug */ = {
			isa = XCBuildConfiguration;
			buildSettings = {
				INFOPLIST_FILE = QSDispatchQueueDemoUITests/Info.plist;
				LD_RUNPATH_SEARCH_PATHS = "$(inherited) @executable_path/Frameworks @loader_path/Frameworks";
				PRODUCT_BUNDLE_IDENTIFIER = buaa.QSDispatchQueueDemoUITests;
				PRODUCT_NAME = "$(TARGET_NAME)";
				TEST_TARGET_NAME = QSDispatchQueueDemo;
			};
			name = Debug;
		};
		44630A621F3ED50B005C88D8 /* Release */ = {
			isa = XCBuildConfiguration;
			buildSettings = {
				INFOPLIST_FILE = QSDispatchQueueDemoUITests/Info.plist;
				LD_RUNPATH_SEARCH_PATHS = "$(inherited) @executable_path/Frameworks @loader_path/Frameworks";
				PRODUCT_BUNDLE_IDENTIFIER = buaa.QSDispatchQueueDemoUITests;
				PRODUCT_NAME = "$(TARGET_NAME)";
				TEST_TARGET_NAME = QSDispatchQueueDemo;
			};
			name = Release;
		};
/* End XCBuildConfiguration section */

/* Begin XCConfigurationList section */
		44630A281F3ED50B005C88D8 /* Build configuration list for PBXProject "QSDispatchQueueDemo" */ = {
			isa = XCConfigurationList;
			buildConfigurations = (
				44630A581F3ED50B005C88D8 /* Debug */,
				44630A591F3ED50B005C88D8 /* Release */,
			);
			defaultConfigurationIsVisible = 0;
			defaultConfigurationName = Release;
		};
		44630A5A1F3ED50B005C88D8 /* Build configuration list for PBXNativeTarget "QSDispatchQueueDemo" */ = {
			isa = XCConfigurationList;
			buildConfigurations = (
				44630A5B1F3ED50B005C88D8 /* Debug */,
				44630A5C1F3ED50B005C88D8 /* Release */,
			);
			defaultConfigurationIsVisible = 0;
		};
		44630A5D1F3ED50B005C88D8 /* Build configuration list for PBXNativeTarget "QSDispatchQueueDemoTests" */ = {
			isa = XCConfigurationList;
			buildConfigurations = (
				44630A5E1F3ED50B005C88D8 /* Debug */,
				44630A5F1F3ED50B005C88D8 /* Release */,
			);
			defaultConfigurationIsVisible = 0;
		};
		44630A601F3ED50B005C88D8 /* Build configuration list for PBXNativeTarget "QSDispatchQueueDemoUITests" */ = {
			isa = XCConfigurationList;
			buildConfigurations = (
				44630A611F3ED50B005C88D8 /* Debug */,
				44630A621F3ED50B005C88D8 /* Release */,
			);
			defaultConfigurationIsVisible = 0;
		};
/* End XCConfigurationList section */
	};
	rootObject = 44630A251F3ED50B005C88D8 /* Project object */;
}
